// !$*UTF8*$!
{
	archiveVersion = 1;
	classes = {
	};
	objectVersion = 77;
	objects = {

/* Begin PBXBuildFile section */
		010000000000000000000001 /* libHeftCore.a in Frameworks */ = {isa = PBXBuildFile; fileRef = 020000000000000000000002 /* libHeftCore.a */; };
		010000000000000000000002 /* libHeftCore.a in Frameworks */ = {isa = PBXBuildFile; fileRef = 020000000000000000000002 /* libHeftCore.a */; };
		010000000000000000000003 /* Markdown in Frameworks */ = {isa = PBXBuildFile; productRef = 0D0000000000000000000001 /* Markdown */; };
		010000000000000000000004 /* SwiftMath in Frameworks */ = {isa = PBXBuildFile; productRef = 0D0000000000000000000002 /* SwiftMath */; };
		010000000000000000000005 /* MarkdownEngineCodeBlocks in Frameworks */ = {isa = PBXBuildFile; productRef = 0D0000000000000000000003 /* MarkdownEngineCodeBlocks */; };
		010000000000000000000006 /* Heft.icon in Resources */ = {isa = PBXBuildFile; fileRef = 020000000000000000000003 /* Heft.icon */; };
		010000000000000000000007 /* Markdown in Frameworks */ = {isa = PBXBuildFile; productRef = 0D0000000000000000000001 /* Markdown */; };
		010000000000000000000008 /* Markdown in Frameworks */ = {isa = PBXBuildFile; productRef = 0D0000000000000000000001 /* Markdown */; };
		010000000000000000000009 /* libHeftVimCore.a in Frameworks */ = {isa = PBXBuildFile; fileRef = 020000000000000000000006 /* libHeftVimCore.a */; };
		010000000000000000000010 /* libHeftVimCore.a in Frameworks */ = {isa = PBXBuildFile; fileRef = 020000000000000000000006 /* libHeftVimCore.a */; };
/* End PBXBuildFile section */

/* Begin PBXContainerItemProxy section */
		030000000000000000000001 /* PBXContainerItemProxy */ = {
			isa = PBXContainerItemProxy;
			containerPortal = 080000000000000000000001 /* Project object */;
			proxyType = 1;
			remoteGlobalIDString = 090000000000000000000002;
			remoteInfo = HeftCore;
		};
		030000000000000000000002 /* PBXContainerItemProxy */ = {
			isa = PBXContainerItemProxy;
			containerPortal = 080000000000000000000001 /* Project object */;
			proxyType = 1;
			remoteGlobalIDString = 090000000000000000000001;
			remoteInfo = Heft;
		};
		030000000000000000000003 /* PBXContainerItemProxy */ = {
			isa = PBXContainerItemProxy;
			containerPortal = 080000000000000000000001 /* Project object */;
			proxyType = 1;
			remoteGlobalIDString = 090000000000000000000004;
			remoteInfo = HeftVimCore;
		};
/* End PBXContainerItemProxy section */

/* Begin PBXFileReference section */
		020000000000000000000001 /* Heft.app */ = {isa = PBXFileReference; explicitFileType = wrapper.application; includeInIndex = 0; path = Heft.app; sourceTree = BUILT_PRODUCTS_DIR; };
		020000000000000000000002 /* libHeftCore.a */ = {isa = PBXFileReference; explicitFileType = archive.ar; includeInIndex = 0; path = libHeftCore.a; sourceTree = BUILT_PRODUCTS_DIR; };
		020000000000000000000004 /* HeftTests.xctest */ = {isa = PBXFileReference; explicitFileType = wrapper.cfbundle; includeInIndex = 0; path = HeftTests.xctest; sourceTree = BUILT_PRODUCTS_DIR; };
		020000000000000000000003 /* Heft.icon */ = {isa = PBXFileReference; lastKnownFileType = folder.iconcomposer.icon; path = Heft.icon; sourceTree = "<group>"; };
		020000000000000000000005 /* Heft-Info.plist */ = {isa = PBXFileReference; lastKnownFileType = text.plist.xml; path = "Heft-Info.plist"; sourceTree = "<group>"; };
		020000000000000000000006 /* libHeftVimCore.a */ = {isa = PBXFileReference; explicitFileType = archive.ar; includeInIndex = 0; path = libHeftVimCore.a; sourceTree = BUILT_PRODUCTS_DIR; };
/* End PBXFileReference section */

/* Begin PBXFileSystemSynchronizedRootGroup section */
		040000000000000000000001 /* Heft */ = {isa = PBXFileSystemSynchronizedRootGroup; path = Sources/Heft; sourceTree = "<group>"; };
		040000000000000000000002 /* HeftCore */ = {isa = PBXFileSystemSynchronizedRootGroup; path = Sources/HeftCore; sourceTree = "<group>"; };
		040000000000000000000003 /* HeftTests */ = {isa = PBXFileSystemSynchronizedRootGroup; path = Tests/HeftTests; sourceTree = "<group>"; };
		040000000000000000000004 /* HeftVimCore */ = {isa = PBXFileSystemSynchronizedRootGroup; path = Sources/HeftVimCore; sourceTree = "<group>"; };
/* End PBXFileSystemSynchronizedRootGroup section */

/* Begin PBXFrameworksBuildPhase section */
		050000000000000000000001 /* Frameworks */ = {
			isa = PBXFrameworksBuildPhase;
			buildActionMask = 2147483647;
			files = (
				010000000000000000000001 /* libHeftCore.a in Frameworks */,
				010000000000000000000007 /* Markdown in Frameworks */,
				010000000000000000000004 /* SwiftMath in Frameworks */,
				010000000000000000000005 /* MarkdownEngineCodeBlocks in Frameworks */,
				010000000000000000000009 /* libHeftVimCore.a in Frameworks */,
			);
			runOnlyForDeploymentPostprocessing = 0;
		};
		050000000000000000000002 /* Frameworks */ = {
			isa = PBXFrameworksBuildPhase;
			buildActionMask = 2147483647;
			files = (
				010000000000000000000003 /* Markdown in Frameworks */,
			);
			runOnlyForDeploymentPostprocessing = 0;
		};
		050000000000000000000003 /* Frameworks */ = {
			isa = PBXFrameworksBuildPhase;
			buildActionMask = 2147483647;
			files = (
				010000000000000000000002 /* libHeftCore.a in Frameworks */,
				010000000000000000000008 /* Markdown in Frameworks */,
				010000000000000000000010 /* libHeftVimCore.a in Frameworks */,
			);
			runOnlyForDeploymentPostprocessing = 0;
		};
/* End PBXFrameworksBuildPhase section */

/* Begin PBXGroup section */
		060000000000000000000001 = {
			isa = PBXGroup;
			children = (
				040000000000000000000001 /* Heft */,
				040000000000000000000002 /* HeftCore */,
				040000000000000000000003 /* HeftTests */,
				040000000000000000000004 /* HeftVimCore */,
				060000000000000000000003 /* Resources */,
				060000000000000000000004 /* Config */,
				060000000000000000000002 /* Products */,
			);
			sourceTree = "<group>";
		};
		060000000000000000000002 /* Products */ = {
			isa = PBXGroup;
			children = (
				020000000000000000000001 /* Heft.app */,
				020000000000000000000002 /* libHeftCore.a */,
				020000000000000000000004 /* HeftTests.xctest */,
				020000000000000000000006 /* libHeftVimCore.a */,
			);
			name = Products;
			sourceTree = "<group>";
		};
		060000000000000000000003 /* Resources */ = {
			isa = PBXGroup;
			children = (
				020000000000000000000003 /* Heft.icon */,
			);
			path = Resources;
			sourceTree = "<group>";
		};
		060000000000000000000004 /* Config */ = {
			isa = PBXGroup;
			children = (
				020000000000000000000005 /* Heft-Info.plist */,
			);
			path = Config;
			sourceTree = "<group>";
		};
/* End PBXGroup section */

/* Begin PBXNativeTarget section */
		090000000000000000000001 /* Heft */ = {
			isa = PBXNativeTarget;
			buildConfigurationList = 0A0000000000000000000002 /* Build configuration list for PBXNativeTarget "Heft" */;
			buildPhases = (
				0F0000000000000000000001 /* Sources */,
				050000000000000000000001 /* Frameworks */,
				0E0000000000000000000001 /* Resources */,
			);
			buildRules = (
			);
			dependencies = (
				0B0000000000000000000001 /* PBXTargetDependency */,
				0B0000000000000000000004 /* PBXTargetDependency */,
			);
			fileSystemSynchronizedGroups = (
				040000000000000000000001 /* Heft */,
			);
			name = Heft;
			packageProductDependencies = (
				0D0000000000000000000001 /* Markdown */,
				0D0000000000000000000002 /* SwiftMath */,
				0D0000000000000000000003 /* MarkdownEngineCodeBlocks */,
			);
			productName = Heft;
			productReference = 020000000000000000000001 /* Heft.app */;
			productType = "com.apple.product-type.application";
		};
		090000000000000000000002 /* HeftCore */ = {
			isa = PBXNativeTarget;
			buildConfigurationList = 0A0000000000000000000003 /* Build configuration list for PBXNativeTarget "HeftCore" */;
			buildPhases = (
				0F0000000000000000000002 /* Sources */,
				050000000000000000000002 /* Frameworks */,
			);
			buildRules = (
			);
			dependencies = (
			);
			fileSystemSynchronizedGroups = (
				040000000000000000000002 /* HeftCore */,
			);
			name = HeftCore;
			packageProductDependencies = (
				0D0000000000000000000001 /* Markdown */,
			);
			productName = HeftCore;
			productReference = 020000000000000000000002 /* libHeftCore.a */;
			productType = "com.apple.product-type.library.static";
		};
		090000000000000000000003 /* HeftTests */ = {
			isa = PBXNativeTarget;
			buildConfigurationList = 0A0000000000000000000004 /* Build configuration list for PBXNativeTarget "HeftTests" */;
			buildPhases = (
				0F0000000000000000000003 /* Sources */,
				050000000000000000000003 /* Frameworks */,
				0E0000000000000000000002 /* Resources */,
			);
			buildRules = (
			);
			dependencies = (
				0B0000000000000000000002 /* PBXTargetDependency */,
				0B0000000000000000000003 /* PBXTargetDependency */,
				0B0000000000000000000005 /* PBXTargetDependency */,
			);
			fileSystemSynchronizedGroups = (
				040000000000000000000003 /* HeftTests */,
			);
			name = HeftTests;
			packageProductDependencies = (
				0D0000000000000000000001 /* Markdown */,
			);
			productName = HeftTests;
			productReference = 020000000000000000000004 /* HeftTests.xctest */;
			productType = "com.apple.product-type.bundle.unit-test";
		};
		090000000000000000000004 /* HeftVimCore */ = {
			isa = PBXNativeTarget;
			buildConfigurationList = 0A0000000000000000000005 /* Build configuration list for PBXNativeTarget "HeftVimCore" */;
			buildPhases = (
				0F0000000000000000000004 /* Sources */,
			);
			buildRules = (
			);
			dependencies = (
			);
			fileSystemSynchronizedGroups = (
				040000000000000000000004 /* HeftVimCore */,
			);
			name = HeftVimCore;
			packageProductDependencies = (
			);
			productName = HeftVimCore;
			productReference = 020000000000000000000006 /* libHeftVimCore.a */;
			productType = "com.apple.product-type.library.static";
		};
/* End PBXNativeTarget section */

/* Begin PBXProject section */
		080000000000000000000001 /* Project object */ = {
			isa = PBXProject;
			attributes = {
				BuildIndependentTargetsInParallel = 1;
				LastSwiftUpdateCheck = 2660;
				LastUpgradeCheck = 2660;
				TargetAttributes = {
					090000000000000000000001 = { CreatedOnToolsVersion = 26.0; };
					090000000000000000000002 = { CreatedOnToolsVersion = 26.0; };
					090000000000000000000004 = { CreatedOnToolsVersion = 26.0; };
					090000000000000000000003 = {
						CreatedOnToolsVersion = 26.0;
						TestTargetID = 090000000000000000000001;
					};
				};
			};
			buildConfigurationList = 0A0000000000000000000001 /* Build configuration list for PBXProject "Heft" */;
			developmentRegion = en;
			hasScannedForEncodings = 0;
			knownRegions = (
				en,
				Base,
			);
			mainGroup = 060000000000000000000001;
			minimizedProjectReferenceProxies = 1;
			packageReferences = (
				0C0000000000000000000001 /* XCRemoteSwiftPackageReference "swift-markdown" */,
				0C0000000000000000000002 /* XCRemoteSwiftPackageReference "SwiftMath" */,
				0C0000000000000000000003 /* XCRemoteSwiftPackageReference "swift-markdown-engine" */,
			);
			preferredProjectObjectVersion = 77;
			productRefGroup = 060000000000000000000002 /* Products */;
			projectDirPath = "";
			projectRoot = "";
			targets = (
				090000000000000000000001 /* Heft */,
				090000000000000000000002 /* HeftCore */,
				090000000000000000000003 /* HeftTests */,
				090000000000000000000004 /* HeftVimCore */,
			);
		};
/* End PBXProject section */

/* Begin PBXResourcesBuildPhase section */
		0E0000000000000000000001 /* Resources */ = {
			isa = PBXResourcesBuildPhase;
			buildActionMask = 2147483647;
			files = (
				010000000000000000000006 /* Heft.icon in Resources */,
			);
			runOnlyForDeploymentPostprocessing = 0;
		};
		0E0000000000000000000002 /* Resources */ = {
			isa = PBXResourcesBuildPhase;
			buildActionMask = 2147483647;
			files = (
			);
			runOnlyForDeploymentPostprocessing = 0;
		};
/* End PBXResourcesBuildPhase section */

/* Begin PBXSourcesBuildPhase section */
		0F0000000000000000000001 /* Sources */ = {isa = PBXSourcesBuildPhase; buildActionMask = 2147483647; files = (); runOnlyForDeploymentPostprocessing = 0; };
		0F0000000000000000000002 /* Sources */ = {isa = PBXSourcesBuildPhase; buildActionMask = 2147483647; files = (); runOnlyForDeploymentPostprocessing = 0; };
		0F0000000000000000000003 /* Sources */ = {isa = PBXSourcesBuildPhase; buildActionMask = 2147483647; files = (); runOnlyForDeploymentPostprocessing = 0; };
		0F0000000000000000000004 /* Sources */ = {isa = PBXSourcesBuildPhase; buildActionMask = 2147483647; files = (); runOnlyForDeploymentPostprocessing = 0; };
/* End PBXSourcesBuildPhase section */

/* Begin PBXTargetDependency section */
		0B0000000000000000000001 /* PBXTargetDependency */ = {isa = PBXTargetDependency; target = 090000000000000000000002 /* HeftCore */; targetProxy = 030000000000000000000001 /* PBXContainerItemProxy */; };
		0B0000000000000000000002 /* PBXTargetDependency */ = {isa = PBXTargetDependency; target = 090000000000000000000001 /* Heft */; targetProxy = 030000000000000000000002 /* PBXContainerItemProxy */; };
		0B0000000000000000000003 /* PBXTargetDependency */ = {isa = PBXTargetDependency; target = 090000000000000000000002 /* HeftCore */; targetProxy = 030000000000000000000001 /* PBXContainerItemProxy */; };
		0B0000000000000000000004 /* PBXTargetDependency */ = {isa = PBXTargetDependency; target = 090000000000000000000004 /* HeftVimCore */; targetProxy = 030000000000000000000003 /* PBXContainerItemProxy */; };
		0B0000000000000000000005 /* PBXTargetDependency */ = {isa = PBXTargetDependency; target = 090000000000000000000004 /* HeftVimCore */; targetProxy = 030000000000000000000003 /* PBXContainerItemProxy */; };
/* End PBXTargetDependency section */

/* Begin XCBuildConfiguration section */
		100000000000000000000001 /* Debug */ = {
			isa = XCBuildConfiguration;
			buildSettings = {
				CLANG_ENABLE_MODULES = YES;
				ENABLE_TESTABILITY = YES;
				MACOSX_DEPLOYMENT_TARGET = 26.0;
				SDKROOT = macosx;
				SWIFT_ACTIVE_COMPILATION_CONDITIONS = DEBUG;
				SWIFT_OPTIMIZATION_LEVEL = "-Onone";
				SWIFT_VERSION = 5.0;
			};
			name = Debug;
		};
		100000000000000000000002 /* Release */ = {
			isa = XCBuildConfiguration;
			buildSettings = {
				CLANG_ENABLE_MODULES = YES;
				MACOSX_DEPLOYMENT_TARGET = 26.0;
				SDKROOT = macosx;
				SWIFT_COMPILATION_MODE = wholemodule;
				SWIFT_VERSION = 5.0;
			};
			name = Release;
		};
		100000000000000000000003 /* Debug */ = {
			isa = XCBuildConfiguration;
			buildSettings = {
				ASSETCATALOG_COMPILER_APPICON_NAME = Heft;
				CODE_SIGN_IDENTITY = "-";
				CODE_SIGN_STYLE = Manual;
				CURRENT_PROJECT_VERSION = 1;
				ENABLE_APP_SANDBOX = NO;
				ENABLE_HARDENED_RUNTIME = NO;
				GENERATE_INFOPLIST_FILE = NO;
				INFOPLIST_FILE = Config/Heft-Info.plist;
				LD_RUNPATH_SEARCH_PATHS = "$(inherited) @executable_path/../Frameworks";
				MARKETING_VERSION = 0.1.0;
				PRODUCT_BUNDLE_IDENTIFIER = dev.stenglein.Heft;
				PRODUCT_NAME = Heft;
				SWIFT_ENABLE_EMIT_CONST_VALUES = YES;
			};
			name = Debug;
		};
		100000000000000000000004 /* Release */ = {
			isa = XCBuildConfiguration;
			buildSettings = {
				ASSETCATALOG_COMPILER_APPICON_NAME = Heft;
				CODE_SIGN_IDENTITY = "-";
				CODE_SIGN_STYLE = Manual;
				CURRENT_PROJECT_VERSION = 1;
				ENABLE_APP_SANDBOX = NO;
				ENABLE_HARDENED_RUNTIME = NO;
				GENERATE_INFOPLIST_FILE = NO;
				INFOPLIST_FILE = Config/Heft-Info.plist;
				LD_RUNPATH_SEARCH_PATHS = "$(inherited) @executable_path/../Frameworks";
				MARKETING_VERSION = 0.1.0;
				PRODUCT_BUNDLE_IDENTIFIER = dev.stenglein.Heft;
				PRODUCT_NAME = Heft;
				SWIFT_ENABLE_EMIT_CONST_VALUES = YES;
			};
			name = Release;
		};
		100000000000000000000005 /* Debug */ = {
			isa = XCBuildConfiguration;
			buildSettings = {
				DEFINES_MODULE = YES;
				PRODUCT_NAME = HeftCore;
				SKIP_INSTALL = YES;
			};
			name = Debug;
		};
		100000000000000000000006 /* Release */ = {
			isa = XCBuildConfiguration;
			buildSettings = {
				DEFINES_MODULE = YES;
				PRODUCT_NAME = HeftCore;
				SKIP_INSTALL = YES;
			};
			name = Release;
		};
		100000000000000000000007 /* Debug */ = {
			isa = XCBuildConfiguration;
			buildSettings = {
				BUNDLE_LOADER = "$(TEST_HOST)";
				GENERATE_INFOPLIST_FILE = YES;
				PRODUCT_BUNDLE_IDENTIFIER = dev.stenglein.HeftTests;
				PRODUCT_NAME = "$(TARGET_NAME)";
				SWIFT_VERSION = 5.0;
				TEST_HOST = "$(BUILT_PRODUCTS_DIR)/Heft.app/Contents/MacOS/Heft";
			};
			name = Debug;
		};
		100000000000000000000008 /* Release */ = {
			isa = XCBuildConfiguration;
			buildSettings = {
				BUNDLE_LOADER = "$(TEST_HOST)";
				GENERATE_INFOPLIST_FILE = YES;
				PRODUCT_BUNDLE_IDENTIFIER = dev.stenglein.HeftTests;
				PRODUCT_NAME = "$(TARGET_NAME)";
				SWIFT_VERSION = 5.0;
				TEST_HOST = "$(BUILT_PRODUCTS_DIR)/Heft.app/Contents/MacOS/Heft";
			};
			name = Release;
		};
		100000000000000000000009 /* Debug */ = {
			isa = XCBuildConfiguration;
			buildSettings = {
				DEFINES_MODULE = YES;
				PRODUCT_NAME = HeftVimCore;
				SKIP_INSTALL = YES;
			};
			name = Debug;
		};
		100000000000000000000010 /* Release */ = {
			isa = XCBuildConfiguration;
			buildSettings = {
				DEFINES_MODULE = YES;
				PRODUCT_NAME = HeftVimCore;
				SKIP_INSTALL = YES;
			};
			name = Release;
		};
/* End XCBuildConfiguration section */

/* Begin XCConfigurationList section */
		0A0000000000000000000001 /* Build configuration list for PBXProject "Heft" */ = {isa = XCConfigurationList; buildConfigurations = (100000000000000000000001 /* Debug */, 100000000000000000000002 /* Release */); defaultConfigurationIsVisible = 0; defaultConfigurationName = Release; };
		0A0000000000000000000002 /* Build configuration list for PBXNativeTarget "Heft" */ = {isa = XCConfigurationList; buildConfigurations = (100000000000000000000003 /* Debug */, 100000000000000000000004 /* Release */); defaultConfigurationIsVisible = 0; defaultConfigurationName = Release; };
		0A0000000000000000000003 /* Build configuration list for PBXNativeTarget "HeftCore" */ = {isa = XCConfigurationList; buildConfigurations = (100000000000000000000005 /* Debug */, 100000000000000000000006 /* Release */); defaultConfigurationIsVisible = 0; defaultConfigurationName = Release; };
		0A0000000000000000000004 /* Build configuration list for PBXNativeTarget "HeftTests" */ = {isa = XCConfigurationList; buildConfigurations = (100000000000000000000007 /* Debug */, 100000000000000000000008 /* Release */); defaultConfigurationIsVisible = 0; defaultConfigurationName = Release; };
		0A0000000000000000000005 /* Build configuration list for PBXNativeTarget "HeftVimCore" */ = {isa = XCConfigurationList; buildConfigurations = (100000000000000000000009 /* Debug */, 100000000000000000000010 /* Release */); defaultConfigurationIsVisible = 0; defaultConfigurationName = Release; };
/* End XCConfigurationList section */

/* Begin XCRemoteSwiftPackageReference section */
		0C0000000000000000000001 /* XCRemoteSwiftPackageReference "swift-markdown" */ = {isa = XCRemoteSwiftPackageReference; repositoryURL = "https://github.com/swiftlang/swift-markdown.git"; requirement = {kind = upToNextMajorVersion; minimumVersion = 0.8.0; }; };
		0C0000000000000000000002 /* XCRemoteSwiftPackageReference "SwiftMath" */ = {isa = XCRemoteSwiftPackageReference; repositoryURL = "https://github.com/mgriebling/SwiftMath.git"; requirement = {kind = upToNextMajorVersion; minimumVersion = 1.7.3; }; };
		0C0000000000000000000003 /* XCRemoteSwiftPackageReference "swift-markdown-engine" */ = {isa = XCRemoteSwiftPackageReference; repositoryURL = "https://github.com/nodes-app/swift-markdown-engine.git"; requirement = {kind = upToNextMajorVersion; minimumVersion = 0.9.0; }; };
/* End XCRemoteSwiftPackageReference section */

/* Begin XCSwiftPackageProductDependency section */
		0D0000000000000000000001 /* Markdown */ = {isa = XCSwiftPackageProductDependency; package = 0C0000000000000000000001 /* XCRemoteSwiftPackageReference "swift-markdown" */; productName = Markdown; };
		0D0000000000000000000002 /* SwiftMath */ = {isa = XCSwiftPackageProductDependency; package = 0C0000000000000000000002 /* XCRemoteSwiftPackageReference "SwiftMath" */; productName = SwiftMath; };
		0D0000000000000000000003 /* MarkdownEngineCodeBlocks */ = {isa = XCSwiftPackageProductDependency; package = 0C0000000000000000000003 /* XCRemoteSwiftPackageReference "swift-markdown-engine" */; productName = MarkdownEngineCodeBlocks; };
/* End XCSwiftPackageProductDependency section */
	};
	rootObject = 080000000000000000000001 /* Project object */;
}
